
Microsoft Visual Studio Solution File, Format Version 12.00
# Visual Studio Version 17
VisualStudioVersion = 17.13.35806.99 d17.13
MinimumVisualStudioVersion = 10.0.40219.1
Project("{FAE04EC0-301F-11D3-BF4B-00C04F79EFBC}") = "pokenae.Commons", "pokenae.Commons\pokenae.Commons.csproj", "{BD526E4B-D8FF-4311-9A3D-6794736F97D7}"
EndProject
Global
	GlobalSection(SolutionConfigurationPlatforms) = preSolution
		Debug|Any CPU = Debug|Any CPU
		Release|Any CPU = Release|Any CPU
	EndGlobalSection
	GlobalSection(ProjectConfigurationPlatforms) = postSolution
		{BD526E4B-D8FF-4311-9A3D-6794736F97D7}.Debug|Any CPU.ActiveCfg = Debug|Any CPU
		{BD526E4B-D8FF-4311-9A3D-6794736F97D7}.Debug|Any CPU.Build.0 = Debug|Any CPU
		{BD526E4B-D8FF-4311-9A3D-6794736F97D7}.Release|Any CPU.ActiveCfg = Release|Any CPU
		{BD526E4B-D8FF-4311-9A3D-6794736F97D7}.Release|Any CPU.Build.0 = Release|Any CPU
	EndGlobalSection
	GlobalSection(SolutionProperties) = preSolution
		HideSolutionNode = FALSE
	EndGlobalSection
	GlobalSection(ExtensibilityGlobals) = postSolution
		SolutionGuid = {50806FFE-FD5A-4345-8B1F-E3A0AEBD0EB3}
	EndGlobalSection
EndGlobal
